
Microsoft Visual Studio Solution File, Format Version 12.00
# Visual Studio Version 17
VisualStudioVersion = 17.10.34928.147
MinimumVisualStudioVersion = 10.0.40219.1
Project("{FAE04EC0-301F-11D3-BF4B-00C04F79EFBC}") = "Assignment02", "Assignment02\Assignment02.csproj", "{5445FF32-3A20-4E5E-8C51-CED6535544FB}"
EndProject
Global
	GlobalSection(SolutionConfigurationPlatforms) = preSolution
		Debug|Any CPU = Debug|Any CPU
		Release|Any CPU = Release|Any CPU
	EndGlobalSection
	GlobalSection(ProjectConfigurationPlatforms) = postSolution
		{5445FF32-3A20-4E5E-8C51-CED6535544FB}.Debug|Any CPU.ActiveCfg = Debug|Any CPU
		{5445FF32-3A20-4E5E-8C51-CED6535544FB}.Debug|Any CPU.Build.0 = Debug|Any CPU
		{5445FF32-3A20-4E5E-8C51-CED6535544FB}.Release|Any CPU.ActiveCfg = Release|Any CPU
		{5445FF32-3A20-4E5E-8C51-CED6535544FB}.Release|Any CPU.Build.0 = Release|Any CPU
	EndGlobalSection
	GlobalSection(SolutionProperties) = preSolution
		HideSolutionNode = FALSE
	EndGlobalSection
	GlobalSection(ExtensibilityGlobals) = postSolution
		SolutionGuid = {373BB095-4E0A-47B9-BD3C-3577FBBFD011}
	EndGlobalSection
EndGlobal
